
Microsoft Visual Studio Solution File, Format Version 12.00
# Visual Studio Version 17
VisualStudioVersion = 17.8.34330.188
MinimumVisualStudioVersion = 10.0.40219.1
Project("{FAE04EC0-301F-11D3-BF4B-00C04F79EFBC}") = "Net1711_231_ASM1_SE160414_HuynhHoangKhoiNguyen_OData", "Net1711_231_ASM1_SE160414_HuynhHoangKhoiNguyen_OData\Net1711_231_ASM1_SE160414_HuynhHoangKhoiNguyen_OData.csproj", "{4031B04E-3415-4A14-8903-E12256B68837}"
EndProject
Global
	GlobalSection(SolutionConfigurationPlatforms) = preSolution
		Debug|Any CPU = Debug|Any CPU
		Release|Any CPU = Release|Any CPU
	EndGlobalSection
	GlobalSection(ProjectConfigurationPlatforms) = postSolution
		{4031B04E-3415-4A14-8903-E12256B68837}.Debug|Any CPU.ActiveCfg = Debug|Any CPU
		{4031B04E-3415-4A14-8903-E12256B68837}.Debug|Any CPU.Build.0 = Debug|Any CPU
		{4031B04E-3415-4A14-8903-E12256B68837}.Release|Any CPU.ActiveCfg = Release|Any CPU
		{4031B04E-3415-4A14-8903-E12256B68837}.Release|Any CPU.Build.0 = Release|Any CPU
	EndGlobalSection
	GlobalSection(SolutionProperties) = preSolution
		HideSolutionNode = FALSE
	EndGlobalSection
	GlobalSection(ExtensibilityGlobals) = postSolution
		SolutionGuid = {68CEB514-C826-437F-BC28-D1C69A067545}
	EndGlobalSection
EndGlobal
